
Microsoft Visual Studio Solution File, Format Version 12.00
# Visual Studio Version 16
VisualStudioVersion = 16.0.29609.76
MinimumVisualStudioVersion = 10.0.40219.1
Project("{FAE04EC0-301F-11D3-BF4B-00C04F79EFBC}") = "Lines", "Lines\Lines.csproj", "{BE410F44-930E-4FFA-BEC2-2DE984B3D1A7}"
EndProject
Global
	GlobalSection(SolutionConfigurationPlatforms) = preSolution
		Debug|Any CPU = Debug|Any CPU
		Release|Any CPU = Release|Any CPU
	EndGlobalSection
	GlobalSection(ProjectConfigurationPlatforms) = postSolution
		{BE410F44-930E-4FFA-BEC2-2DE984B3D1A7}.Debug|Any CPU.ActiveCfg = Debug|Any CPU
		{BE410F44-930E-4FFA-BEC2-2DE984B3D1A7}.Debug|Any CPU.Build.0 = Debug|Any CPU
		{BE410F44-930E-4FFA-BEC2-2DE984B3D1A7}.Release|Any CPU.ActiveCfg = Release|Any CPU
		{BE410F44-930E-4FFA-BEC2-2DE984B3D1A7}.Release|Any CPU.Build.0 = Release|Any CPU
	EndGlobalSection
	GlobalSection(SolutionProperties) = preSolution
		HideSolutionNode = FALSE
	EndGlobalSection
	GlobalSection(ExtensibilityGlobals) = postSolution
		SolutionGuid = {CEFA919E-5EEC-4C64-AF4A-C5449C06E405}
	EndGlobalSection
EndGlobal
